
Microsoft Visual Studio Solution File, Format Version 12.00
# Visual Studio 14
VisualStudioVersion = 14.0.25420.1
MinimumVisualStudioVersion = 10.0.40219.1
Project("{FAE04EC0-301F-11D3-BF4B-00C04F79EFBC}") = "Backend", "Server\Backend\Backend.csproj", "{5E1BC974-A75B-4CAE-A797-41E35926CBDA}"
EndProject
Project("{FAE04EC0-301F-11D3-BF4B-00C04F79EFBC}") = "Backend.Tests", "Server\Backend.Tests\Backend.Tests.csproj", "{36A0A9DA-11ED-441F-B4BB-57FC91256EDE}"
EndProject
Project("{FAE04EC0-301F-11D3-BF4B-00C04F79EFBC}") = "Mobile-Rounds.ViewModels", "Shared\Mobile-Rounds.ViewModels\Mobile-Rounds.ViewModels.csproj", "{ED818571-B5D0-4FC3-8AF3-63A04D806524}"
EndProject
Project("{FAE04EC0-301F-11D3-BF4B-00C04F79EFBC}") = "GoedWare.Controls.Breadcrumb.Compat", "Tablet\GoedWare.Controls.Breadcrumb.Compat\GoedWare.Controls.Breadcrumb.Compat.csproj", "{7800A17A-5FFF-4CA9-B40A-EBA3FB1784B6}"
EndProject
Project("{FAE04EC0-301F-11D3-BF4B-00C04F79EFBC}") = "Mobile-Rounds", "Tablet\Mobile-Rounds\Mobile-Rounds.csproj", "{9C92028F-5F84-4532-9CFF-89C08E866A60}"
EndProject
Project("{FAE04EC0-301F-11D3-BF4B-00C04F79EFBC}") = "Mobile-Rounds-Compat.Windows", "Tablet\Mobile-Rounds-Compat\Mobile-Rounds-Compat.Windows\Mobile-Rounds-Compat.Windows.csproj", "{1A7BB14D-B557-4269-A038-DEE1CD5D677D}"
EndProject
Project("{2150E333-8FDC-42A3-9474-1A3956D46DE8}") = "Tablet", "Tablet", "{1CC6F620-F3EA-4C40-839C-044489CF132D}"
EndProject
Project("{2150E333-8FDC-42A3-9474-1A3956D46DE8}") = "Server", "Server", "{1F5A99BF-1D75-4DC0-B39A-7B18840A36E0}"
EndProject
Project("{2150E333-8FDC-42A3-9474-1A3956D46DE8}") = "Shared", "Shared", "{F35A693E-DD44-4843-BC07-933CF54B968D}"
EndProject
Project("{FAE04EC0-301F-11D3-BF4B-00C04F79EFBC}") = "Mobile-Rounds.ViewModels.Tests", "Shared\Mobile-Rounds.ViewModels.Tests\Mobile-Rounds.ViewModels.Tests.csproj", "{9FCD0A21-D271-4021-9AE3-21473B1B6654}"
EndProject
Project("{FAE04EC0-301F-11D3-BF4B-00C04F79EFBC}") = "Backend.DataAccess", "Server\Backend.DataAccess\Backend.DataAccess.csproj", "{9EED13C4-A6D2-41D5-BEE7-9CC439FFA97F}"
EndProject
Project("{F088123C-0E9E-452A-89E6-6BA2F21D5CAC}") = "Backend.Diagrams", "Server\Backend.Diagrams\Backend.Diagrams.modelproj", "{63014203-15EC-4EB7-A6F6-79A3E3E775D6}"
EndProject
Project("{FAE04EC0-301F-11D3-BF4B-00C04F79EFBC}") = "Backend.Schemas", "Server\Backend.Schemas\Backend.Schemas.csproj", "{4BD2528E-277F-404B-B036-6F7F273ABC32}"
EndProject
Global
	GlobalSection(SolutionConfigurationPlatforms) = preSolution
		Debug - Mobile|Any CPU = Debug - Mobile|Any CPU
		Debug - Mobile|ARM = Debug - Mobile|ARM
		Debug - Mobile|x64 = Debug - Mobile|x64
		Debug - Mobile|x86 = Debug - Mobile|x86
		Debug - Server|Any CPU = Debug - Server|Any CPU
		Debug - Server|ARM = Debug - Server|ARM
		Debug - Server|x64 = Debug - Server|x64
		Debug - Server|x86 = Debug - Server|x86
		Debug|Any CPU = Debug|Any CPU
		Debug|ARM = Debug|ARM
		Debug|x64 = Debug|x64
		Debug|x86 = Debug|x86
		Release|Any CPU = Release|Any CPU
		Release|ARM = Release|ARM
		Release|x64 = Release|x64
		Release|x86 = Release|x86
	EndGlobalSection
	GlobalSection(ProjectConfigurationPlatforms) = postSolution
		{5E1BC974-A75B-4CAE-A797-41E35926CBDA}.Debug - Mobile|Any CPU.ActiveCfg = Debug - Server|Any CPU
		{5E1BC974-A75B-4CAE-A797-41E35926CBDA}.Debug - Mobile|Any CPU.Build.0 = Debug - Server|Any CPU
		{5E1BC974-A75B-4CAE-A797-41E35926CBDA}.Debug - Mobile|ARM.ActiveCfg = Debug - Server|Any CPU
		{5E1BC974-A75B-4CAE-A797-41E35926CBDA}.Debug - Mobile|ARM.Build.0 = Debug - Server|Any CPU
		{5E1BC974-A75B-4CAE-A797-41E35926CBDA}.Debug - Mobile|x64.ActiveCfg = Debug - Server|Any CPU
		{5E1BC974-A75B-4CAE-A797-41E35926CBDA}.Debug - Mobile|x64.Build.0 = Debug - Server|Any CPU
		{5E1BC974-A75B-4CAE-A797-41E35926CBDA}.Debug - Mobile|x86.ActiveCfg = Debug - Server|Any CPU
		{5E1BC974-A75B-4CAE-A797-41E35926CBDA}.Debug - Mobile|x86.Build.0 = Debug - Server|Any CPU
		{5E1BC974-A75B-4CAE-A797-41E35926CBDA}.Debug - Server|Any CPU.ActiveCfg = Debug - Server|Any CPU
		{5E1BC974-A75B-4CAE-A797-41E35926CBDA}.Debug - Server|Any CPU.Build.0 = Debug - Server|Any CPU
		{5E1BC974-A75B-4CAE-A797-41E35926CBDA}.Debug - Server|ARM.ActiveCfg = Debug - Server|Any CPU
		{5E1BC974-A75B-4CAE-A797-41E35926CBDA}.Debug - Server|ARM.Build.0 = Debug - Server|Any CPU
		{5E1BC974-A75B-4CAE-A797-41E35926CBDA}.Debug - Server|x64.ActiveCfg = Debug - Server|Any CPU
		{5E1BC974-A75B-4CAE-A797-41E35926CBDA}.Debug - Server|x64.Build.0 = Debug - Server|Any CPU
		{5E1BC974-A75B-4CAE-A797-41E35926CBDA}.Debug - Server|x86.ActiveCfg = Debug - Server|Any CPU
		{5E1BC974-A75B-4CAE-A797-41E35926CBDA}.Debug - Server|x86.Build.0 = Debug - Server|Any CPU
		{5E1BC974-A75B-4CAE-A797-41E35926CBDA}.Debug|Any CPU.ActiveCfg = Debug - Server|Any CPU
		{5E1BC974-A75B-4CAE-A797-41E35926CBDA}.Debug|Any CPU.Build.0 = Debug - Server|Any CPU
		{5E1BC974-A75B-4CAE-A797-41E35926CBDA}.Debug|ARM.ActiveCfg = Debug - Server|Any CPU
		{5E1BC974-A75B-4CAE-A797-41E35926CBDA}.Debug|ARM.Build.0 = Debug - Server|Any CPU
		{5E1BC974-A75B-4CAE-A797-41E35926CBDA}.Debug|x64.ActiveCfg = Debug - Server|Any CPU
		{5E1BC974-A75B-4CAE-A797-41E35926CBDA}.Debug|x64.Build.0 = Debug - Server|Any CPU
		{5E1BC974-A75B-4CAE-A797-41E35926CBDA}.Debug|x86.ActiveCfg = Debug - Server|Any CPU
		{5E1BC974-A75B-4CAE-A797-41E35926CBDA}.Debug|x86.Build.0 = Debug - Server|Any CPU
		{5E1BC974-A75B-4CAE-A797-41E35926CBDA}.Release|Any CPU.ActiveCfg = Release|Any CPU
		{5E1BC974-A75B-4CAE-A797-41E35926CBDA}.Release|Any CPU.Build.0 = Release|Any CPU
		{5E1BC974-A75B-4CAE-A797-41E35926CBDA}.Release|ARM.ActiveCfg = Release|Any CPU
		{5E1BC974-A75B-4CAE-A797-41E35926CBDA}.Release|ARM.Build.0 = Release|Any CPU
		{5E1BC974-A75B-4CAE-A797-41E35926CBDA}.Release|x64.ActiveCfg = Release|Any CPU
		{5E1BC974-A75B-4CAE-A797-41E35926CBDA}.Release|x64.Build.0 = Release|Any CPU
		{5E1BC974-A75B-4CAE-A797-41E35926CBDA}.Release|x86.ActiveCfg = Release|Any CPU
		{5E1BC974-A75B-4CAE-A797-41E35926CBDA}.Release|x86.Build.0 = Release|Any CPU
		{36A0A9DA-11ED-441F-B4BB-57FC91256EDE}.Debug - Mobile|Any CPU.ActiveCfg = Debug - Mobile|Any CPU
		{36A0A9DA-11ED-441F-B4BB-57FC91256EDE}.Debug - Mobile|Any CPU.Build.0 = Debug - Mobile|Any CPU
		{36A0A9DA-11ED-441F-B4BB-57FC91256EDE}.Debug - Mobile|ARM.ActiveCfg = Debug - Mobile|Any CPU
		{36A0A9DA-11ED-441F-B4BB-57FC91256EDE}.Debug - Mobile|ARM.Build.0 = Debug - Mobile|Any CPU
		{36A0A9DA-11ED-441F-B4BB-57FC91256EDE}.Debug - Mobile|x64.ActiveCfg = Debug - Mobile|Any CPU
		{36A0A9DA-11ED-441F-B4BB-57FC91256EDE}.Debug - Mobile|x64.Build.0 = Debug - Mobile|Any CPU
		{36A0A9DA-11ED-441F-B4BB-57FC91256EDE}.Debug - Mobile|x86.ActiveCfg = Debug - Mobile|Any CPU
		{36A0A9DA-11ED-441F-B4BB-57FC91256EDE}.Debug - Mobile|x86.Build.0 = Debug - Mobile|Any CPU
		{36A0A9DA-11ED-441F-B4BB-57FC91256EDE}.Debug - Server|Any CPU.ActiveCfg = Debug - Server|Any CPU
		{36A0A9DA-11ED-441F-B4BB-57FC91256EDE}.Debug - Server|Any CPU.Build.0 = Debug - Server|Any CPU
		{36A0A9DA-11ED-441F-B4BB-57FC91256EDE}.Debug - Server|ARM.ActiveCfg = Debug - Server|Any CPU
		{36A0A9DA-11ED-441F-B4BB-57FC91256EDE}.Debug - Server|ARM.Build.0 = Debug - Server|Any CPU
		{36A0A9DA-11ED-441F-B4BB-57FC91256EDE}.Debug - Server|x64.ActiveCfg = Debug - Server|Any CPU
		{36A0A9DA-11ED-441F-B4BB-57FC91256EDE}.Debug - Server|x64.Build.0 = Debug - Server|Any CPU
		{36A0A9DA-11ED-441F-B4BB-57FC91256EDE}.Debug - Server|x86.ActiveCfg = Debug - Server|Any CPU
		{36A0A9DA-11ED-441F-B4BB-57FC91256EDE}.Debug - Server|x86.Build.0 = Debug - Server|Any CPU
		{36A0A9DA-11ED-441F-B4BB-57FC91256EDE}.Debug|Any CPU.ActiveCfg = Debug|Any CPU
		{36A0A9DA-11ED-441F-B4BB-57FC91256EDE}.Debug|Any CPU.Build.0 = Debug|Any CPU
		{36A0A9DA-11ED-441F-B4BB-57FC91256EDE}.Debug|ARM.ActiveCfg = Debug|Any CPU
		{36A0A9DA-11ED-441F-B4BB-57FC91256EDE}.Debug|ARM.Build.0 = Debug|Any CPU
		{36A0A9DA-11ED-441F-B4BB-57FC91256EDE}.Debug|x64.ActiveCfg = Debug|Any CPU
		{36A0A9DA-11ED-441F-B4BB-57FC91256EDE}.Debug|x64.Build.0 = Debug|Any CPU
		{36A0A9DA-11ED-441F-B4BB-57FC91256EDE}.Debug|x86.ActiveCfg = Debug|Any CPU
		{36A0A9DA-11ED-441F-B4BB-57FC91256EDE}.Debug|x86.Build.0 = Debug|Any CPU
		{36A0A9DA-11ED-441F-B4BB-57FC91256EDE}.Release|Any CPU.ActiveCfg = Release|Any CPU
		{36A0A9DA-11ED-441F-B4BB-57FC91256EDE}.Release|Any CPU.Build.0 = Release|Any CPU
		{36A0A9DA-11ED-441F-B4BB-57FC91256EDE}.Release|ARM.ActiveCfg = Release|Any CPU
		{36A0A9DA-11ED-441F-B4BB-57FC91256EDE}.Release|ARM.Build.0 = Release|Any CPU
		{36A0A9DA-11ED-441F-B4BB-57FC91256EDE}.Release|x64.ActiveCfg = Release|Any CPU
		{36A0A9DA-11ED-441F-B4BB-57FC91256EDE}.Release|x64.Build.0 = Release|Any CPU
		{36A0A9DA-11ED-441F-B4BB-57FC91256EDE}.Release|x86.ActiveCfg = Release|Any CPU
		{36A0A9DA-11ED-441F-B4BB-57FC91256EDE}.Release|x86.Build.0 = Release|Any CPU
		{ED818571-B5D0-4FC3-8AF3-63A04D806524}.Debug - Mobile|Any CPU.ActiveCfg = Debug|Any CPU
		{ED818571-B5D0-4FC3-8AF3-63A04D806524}.Debug - Mobile|Any CPU.Build.0 = Debug|Any CPU
		{ED818571-B5D0-4FC3-8AF3-63A04D806524}.Debug - Mobile|ARM.ActiveCfg = Debug|Any CPU
		{ED818571-B5D0-4FC3-8AF3-63A04D806524}.Debug - Mobile|ARM.Build.0 = Debug|Any CPU
		{ED818571-B5D0-4FC3-8AF3-63A04D806524}.Debug - Mobile|x64.ActiveCfg = Debug|Any CPU
		{ED818571-B5D0-4FC3-8AF3-63A04D806524}.Debug - Mobile|x64.Build.0 = Debug|Any CPU
		{ED818571-B5D0-4FC3-8AF3-63A04D806524}.Debug - Mobile|x86.ActiveCfg = Debug|Any CPU
		{ED818571-B5D0-4FC3-8AF3-63A04D806524}.Debug - Mobile|x86.Build.0 = Debug|Any CPU
		{ED818571-B5D0-4FC3-8AF3-63A04D806524}.Debug - Server|Any CPU.ActiveCfg = Debug|Any CPU
		{ED818571-B5D0-4FC3-8AF3-63A04D806524}.Debug - Server|Any CPU.Build.0 = Debug|Any CPU
		{ED818571-B5D0-4FC3-8AF3-63A04D806524}.Debug - Server|ARM.ActiveCfg = Debug|Any CPU
		{ED818571-B5D0-4FC3-8AF3-63A04D806524}.Debug - Server|ARM.Build.0 = Debug|Any CPU
		{ED818571-B5D0-4FC3-8AF3-63A04D806524}.Debug - Server|x64.ActiveCfg = Debug|Any CPU
		{ED818571-B5D0-4FC3-8AF3-63A04D806524}.Debug - Server|x64.Build.0 = Debug|Any CPU
		{ED818571-B5D0-4FC3-8AF3-63A04D806524}.Debug - Server|x86.ActiveCfg = Debug|Any CPU
		{ED818571-B5D0-4FC3-8AF3-63A04D806524}.Debug - Server|x86.Build.0 = Debug|Any CPU
		{ED818571-B5D0-4FC3-8AF3-63A04D806524}.Debug|Any CPU.ActiveCfg = Debug|Any CPU
		{ED818571-B5D0-4FC3-8AF3-63A04D806524}.Debug|Any CPU.Build.0 = Debug|Any CPU
		{ED818571-B5D0-4FC3-8AF3-63A04D806524}.Debug|ARM.ActiveCfg = Debug|Any CPU
		{ED818571-B5D0-4FC3-8AF3-63A04D806524}.Debug|ARM.Build.0 = Debug|Any CPU
		{ED818571-B5D0-4FC3-8AF3-63A04D806524}.Debug|x64.ActiveCfg = Debug|Any CPU
		{ED818571-B5D0-4FC3-8AF3-63A04D806524}.Debug|x64.Build.0 = Debug|Any CPU
		{ED818571-B5D0-4FC3-8AF3-63A04D806524}.Debug|x86.ActiveCfg = Debug|Any CPU
		{ED818571-B5D0-4FC3-8AF3-63A04D806524}.Debug|x86.Build.0 = Debug|Any CPU
		{ED818571-B5D0-4FC3-8AF3-63A04D806524}.Release|Any CPU.ActiveCfg = Release|Any CPU
		{ED818571-B5D0-4FC3-8AF3-63A04D806524}.Release|Any CPU.Build.0 = Release|Any CPU
		{ED818571-B5D0-4FC3-8AF3-63A04D806524}.Release|ARM.ActiveCfg = Release|Any CPU
		{ED818571-B5D0-4FC3-8AF3-63A04D806524}.Release|ARM.Build.0 = Release|Any CPU
		{ED818571-B5D0-4FC3-8AF3-63A04D806524}.Release|x64.ActiveCfg = Release|Any CPU
		{ED818571-B5D0-4FC3-8AF3-63A04D806524}.Release|x64.Build.0 = Release|Any CPU
		{ED818571-B5D0-4FC3-8AF3-63A04D806524}.Release|x86.ActiveCfg = Release|Any CPU
		{ED818571-B5D0-4FC3-8AF3-63A04D806524}.Release|x86.Build.0 = Release|Any CPU
		{7800A17A-5FFF-4CA9-B40A-EBA3FB1784B6}.Debug - Mobile|Any CPU.ActiveCfg = Debug|Any CPU
		{7800A17A-5FFF-4CA9-B40A-EBA3FB1784B6}.Debug - Mobile|Any CPU.Build.0 = Debug|Any CPU
		{7800A17A-5FFF-4CA9-B40A-EBA3FB1784B6}.Debug - Mobile|ARM.ActiveCfg = Debug|Any CPU
		{7800A17A-5FFF-4CA9-B40A-EBA3FB1784B6}.Debug - Mobile|ARM.Build.0 = Debug|Any CPU
		{7800A17A-5FFF-4CA9-B40A-EBA3FB1784B6}.Debug - Mobile|x64.ActiveCfg = Debug|Any CPU
		{7800A17A-5FFF-4CA9-B40A-EBA3FB1784B6}.Debug - Mobile|x64.Build.0 = Debug|Any CPU
		{7800A17A-5FFF-4CA9-B40A-EBA3FB1784B6}.Debug - Mobile|x86.ActiveCfg = Debug|Any CPU
		{7800A17A-5FFF-4CA9-B40A-EBA3FB1784B6}.Debug - Mobile|x86.Build.0 = Debug|Any CPU
		{7800A17A-5FFF-4CA9-B40A-EBA3FB1784B6}.Debug - Server|Any CPU.ActiveCfg = Debug|Any CPU
		{7800A17A-5FFF-4CA9-B40A-EBA3FB1784B6}.Debug - Server|Any CPU.Build.0 = Debug|Any CPU
		{7800A17A-5FFF-4CA9-B40A-EBA3FB1784B6}.Debug - Server|ARM.ActiveCfg = Debug|Any CPU
		{7800A17A-5FFF-4CA9-B40A-EBA3FB1784B6}.Debug - Server|ARM.Build.0 = Debug|Any CPU
		{7800A17A-5FFF-4CA9-B40A-EBA3FB1784B6}.Debug - Server|x64.ActiveCfg = Debug|Any CPU
		{7800A17A-5FFF-4CA9-B40A-EBA3FB1784B6}.Debug - Server|x64.Build.0 = Debug|Any CPU
		{7800A17A-5FFF-4CA9-B40A-EBA3FB1784B6}.Debug - Server|x86.ActiveCfg = Debug|Any CPU
		{7800A17A-5FFF-4CA9-B40A-EBA3FB1784B6}.Debug - Server|x86.Build.0 = Debug|Any CPU
		{7800A17A-5FFF-4CA9-B40A-EBA3FB1784B6}.Debug|Any CPU.ActiveCfg = Debug|Any CPU
		{7800A17A-5FFF-4CA9-B40A-EBA3FB1784B6}.Debug|Any CPU.Build.0 = Debug|Any CPU
		{7800A17A-5FFF-4CA9-B40A-EBA3FB1784B6}.Debug|ARM.ActiveCfg = Debug|Any CPU
		{7800A17A-5FFF-4CA9-B40A-EBA3FB1784B6}.Debug|ARM.Build.0 = Debug|Any CPU
		{7800A17A-5FFF-4CA9-B40A-EBA3FB1784B6}.Debug|x64.ActiveCfg = Debug|Any CPU
		{7800A17A-5FFF-4CA9-B40A-EBA3FB1784B6}.Debug|x64.Build.0 = Debug|Any CPU
		{7800A17A-5FFF-4CA9-B40A-EBA3FB1784B6}.Debug|x86.ActiveCfg = Debug|Any CPU
		{7800A17A-5FFF-4CA9-B40A-EBA3FB1784B6}.Debug|x86.Build.0 = Debug|Any CPU
		{7800A17A-5FFF-4CA9-B40A-EBA3FB1784B6}.Release|Any CPU.ActiveCfg = Release|Any CPU
		{7800A17A-5FFF-4CA9-B40A-EBA3FB1784B6}.Release|Any CPU.Build.0 = Release|Any CPU
		{7800A17A-5FFF-4CA9-B40A-EBA3FB1784B6}.Release|ARM.ActiveCfg = Release|Any CPU
		{7800A17A-5FFF-4CA9-B40A-EBA3FB1784B6}.Release|ARM.Build.0 = Release|Any CPU
		{7800A17A-5FFF-4CA9-B40A-EBA3FB1784B6}.Release|x64.ActiveCfg = Release|Any CPU
		{7800A17A-5FFF-4CA9-B40A-EBA3FB1784B6}.Release|x64.Build.0 = Release|Any CPU
		{7800A17A-5FFF-4CA9-B40A-EBA3FB1784B6}.Release|x86.ActiveCfg = Release|Any CPU
		{7800A17A-5FFF-4CA9-B40A-EBA3FB1784B6}.Release|x86.Build.0 = Release|Any CPU
		{9C92028F-5F84-4532-9CFF-89C08E866A60}.Debug - Mobile|Any CPU.ActiveCfg = Debug - Mobile|x86
		{9C92028F-5F84-4532-9CFF-89C08E866A60}.Debug - Mobile|Any CPU.Build.0 = Debug - Mobile|x86
		{9C92028F-5F84-4532-9CFF-89C08E866A60}.Debug - Mobile|Any CPU.Deploy.0 = Debug - Mobile|x86
		{9C92028F-5F84-4532-9CFF-89C08E866A60}.Debug - Mobile|ARM.ActiveCfg = Debug - Mobile|ARM
		{9C92028F-5F84-4532-9CFF-89C08E866A60}.Debug - Mobile|ARM.Build.0 = Debug - Mobile|ARM
		{9C92028F-5F84-4532-9CFF-89C08E866A60}.Debug - Mobile|ARM.Deploy.0 = Debug - Mobile|ARM
		{9C92028F-5F84-4532-9CFF-89C08E866A60}.Debug - Mobile|x64.ActiveCfg = Debug - Mobile|x64
		{9C92028F-5F84-4532-9CFF-89C08E866A60}.Debug - Mobile|x64.Build.0 = Debug - Mobile|x64
		{9C92028F-5F84-4532-9CFF-89C08E866A60}.Debug - Mobile|x64.Deploy.0 = Debug - Mobile|x64
		{9C92028F-5F84-4532-9CFF-89C08E866A60}.Debug - Mobile|x86.ActiveCfg = Debug - Mobile|x86
		{9C92028F-5F84-4532-9CFF-89C08E866A60}.Debug - Mobile|x86.Build.0 = Debug - Mobile|x86
		{9C92028F-5F84-4532-9CFF-89C08E866A60}.Debug - Mobile|x86.Deploy.0 = Debug - Mobile|x86
		{9C92028F-5F84-4532-9CFF-89C08E866A60}.Debug - Server|Any CPU.ActiveCfg = Debug - Server|x86
		{9C92028F-5F84-4532-9CFF-89C08E866A60}.Debug - Server|ARM.ActiveCfg = Debug - Server|ARM
		{9C92028F-5F84-4532-9CFF-89C08E866A60}.Debug - Server|ARM.Build.0 = Debug - Server|ARM
		{9C92028F-5F84-4532-9CFF-89C08E866A60}.Debug - Server|ARM.Deploy.0 = Debug - Server|ARM
		{9C92028F-5F84-4532-9CFF-89C08E866A60}.Debug - Server|x64.ActiveCfg = Debug - Server|x64
		{9C92028F-5F84-4532-9CFF-89C08E866A60}.Debug - Server|x64.Build.0 = Debug - Server|x64
		{9C92028F-5F84-4532-9CFF-89C08E866A60}.Debug - Server|x64.Deploy.0 = Debug - Server|x64
		{9C92028F-5F84-4532-9CFF-89C08E866A60}.Debug - Server|x86.ActiveCfg = Debug - Server|x86
		{9C92028F-5F84-4532-9CFF-89C08E866A60}.Debug - Server|x86.Build.0 = Debug - Server|x86
		{9C92028F-5F84-4532-9CFF-89C08E866A60}.Debug - Server|x86.Deploy.0 = Debug - Server|x86
		{9C92028F-5F84-4532-9CFF-89C08E866A60}.Debug|Any CPU.ActiveCfg = Debug|x86
		{9C92028F-5F84-4532-9CFF-89C08E866A60}.Debug|ARM.ActiveCfg = Debug|ARM
		{9C92028F-5F84-4532-9CFF-89C08E866A60}.Debug|ARM.Build.0 = Debug|ARM
		{9C92028F-5F84-4532-9CFF-89C08E866A60}.Debug|ARM.Deploy.0 = Debug|ARM
		{9C92028F-5F84-4532-9CFF-89C08E866A60}.Debug|x64.ActiveCfg = Debug|x64
		{9C92028F-5F84-4532-9CFF-89C08E866A60}.Debug|x64.Build.0 = Debug|x64
		{9C92028F-5F84-4532-9CFF-89C08E866A60}.Debug|x64.Deploy.0 = Debug|x64
		{9C92028F-5F84-4532-9CFF-89C08E866A60}.Debug|x86.ActiveCfg = Debug|x86
		{9C92028F-5F84-4532-9CFF-89C08E866A60}.Debug|x86.Build.0 = Debug|x86
		{9C92028F-5F84-4532-9CFF-89C08E866A60}.Debug|x86.Deploy.0 = Debug|x86
		{9C92028F-5F84-4532-9CFF-89C08E866A60}.Release|Any CPU.ActiveCfg = Release|x86
		{9C92028F-5F84-4532-9CFF-89C08E866A60}.Release|ARM.ActiveCfg = Release|ARM
		{9C92028F-5F84-4532-9CFF-89C08E866A60}.Release|ARM.Build.0 = Release|ARM
		{9C92028F-5F84-4532-9CFF-89C08E866A60}.Release|ARM.Deploy.0 = Release|ARM
		{9C92028F-5F84-4532-9CFF-89C08E866A60}.Release|x64.ActiveCfg = Release|x64
		{9C92028F-5F84-4532-9CFF-89C08E866A60}.Release|x64.Build.0 = Release|x64
		{9C92028F-5F84-4532-9CFF-89C08E866A60}.Release|x64.Deploy.0 = Release|x64
		{9C92028F-5F84-4532-9CFF-89C08E866A60}.Release|x86.ActiveCfg = Release|x86
		{9C92028F-5F84-4532-9CFF-89C08E866A60}.Release|x86.Build.0 = Release|x86
		{9C92028F-5F84-4532-9CFF-89C08E866A60}.Release|x86.Deploy.0 = Release|x86
		{1A7BB14D-B557-4269-A038-DEE1CD5D677D}.Debug - Mobile|Any CPU.ActiveCfg = Debug|Any CPU
		{1A7BB14D-B557-4269-A038-DEE1CD5D677D}.Debug - Mobile|Any CPU.Build.0 = Debug|Any CPU
		{1A7BB14D-B557-4269-A038-DEE1CD5D677D}.Debug - Mobile|Any CPU.Deploy.0 = Debug|Any CPU
		{1A7BB14D-B557-4269-A038-DEE1CD5D677D}.Debug - Mobile|ARM.ActiveCfg = Debug|ARM
		{1A7BB14D-B557-4269-A038-DEE1CD5D677D}.Debug - Mobile|ARM.Build.0 = Debug|ARM
		{1A7BB14D-B557-4269-A038-DEE1CD5D677D}.Debug - Mobile|ARM.Deploy.0 = Debug|ARM
		{1A7BB14D-B557-4269-A038-DEE1CD5D677D}.Debug - Mobile|x64.ActiveCfg = Debug|x64
		{1A7BB14D-B557-4269-A038-DEE1CD5D677D}.Debug - Mobile|x64.Build.0 = Debug|x64
		{1A7BB14D-B557-4269-A038-DEE1CD5D677D}.Debug - Mobile|x64.Deploy.0 = Debug|x64
		{1A7BB14D-B557-4269-A038-DEE1CD5D677D}.Debug - Mobile|x86.ActiveCfg = Debug|x86
		{1A7BB14D-B557-4269-A038-DEE1CD5D677D}.Debug - Mobile|x86.Build.0 = Debug|x86
		{1A7BB14D-B557-4269-A038-DEE1CD5D677D}.Debug - Mobile|x86.Deploy.0 = Debug|x86
		{1A7BB14D-B557-4269-A038-DEE1CD5D677D}.Debug - Server|Any CPU.ActiveCfg = Debug|Any CPU
		{1A7BB14D-B557-4269-A038-DEE1CD5D677D}.Debug - Server|Any CPU.Build.0 = Debug|Any CPU
		{1A7BB14D-B557-4269-A038-DEE1CD5D677D}.Debug - Server|Any CPU.Deploy.0 = Debug|Any CPU
		{1A7BB14D-B557-4269-A038-DEE1CD5D677D}.Debug - Server|ARM.ActiveCfg = Debug|ARM
		{1A7BB14D-B557-4269-A038-DEE1CD5D677D}.Debug - Server|ARM.Build.0 = Debug|ARM
		{1A7BB14D-B557-4269-A038-DEE1CD5D677D}.Debug - Server|ARM.Deploy.0 = Debug|ARM
		{1A7BB14D-B557-4269-A038-DEE1CD5D677D}.Debug - Server|x64.ActiveCfg = Debug|x64
		{1A7BB14D-B557-4269-A038-DEE1CD5D677D}.Debug - Server|x64.Build.0 = Debug|x64
		{1A7BB14D-B557-4269-A038-DEE1CD5D677D}.Debug - Server|x64.Deploy.0 = Debug|x64
		{1A7BB14D-B557-4269-A038-DEE1CD5D677D}.Debug - Server|x86.ActiveCfg = Debug|x86
		{1A7BB14D-B557-4269-A038-DEE1CD5D677D}.Debug - Server|x86.Build.0 = Debug|x86
		{1A7BB14D-B557-4269-A038-DEE1CD5D677D}.Debug - Server|x86.Deploy.0 = Debug|x86
		{1A7BB14D-B557-4269-A038-DEE1CD5D677D}.Debug|Any CPU.ActiveCfg = Debug|Any CPU
		{1A7BB14D-B557-4269-A038-DEE1CD5D677D}.Debug|Any CPU.Build.0 = Debug|Any CPU
		{1A7BB14D-B557-4269-A038-DEE1CD5D677D}.Debug|Any CPU.Deploy.0 = Debug|Any CPU
		{1A7BB14D-B557-4269-A038-DEE1CD5D677D}.Debug|ARM.ActiveCfg = Debug|ARM
		{1A7BB14D-B557-4269-A038-DEE1CD5D677D}.Debug|ARM.Build.0 = Debug|ARM
		{1A7BB14D-B557-4269-A038-DEE1CD5D677D}.Debug|ARM.Deploy.0 = Debug|ARM
		{1A7BB14D-B557-4269-A038-DEE1CD5D677D}.Debug|x64.ActiveCfg = Debug|x64
		{1A7BB14D-B557-4269-A038-DEE1CD5D677D}.Debug|x64.Build.0 = Debug|x64
		{1A7BB14D-B557-4269-A038-DEE1CD5D677D}.Debug|x64.Deploy.0 = Debug|x64
		{1A7BB14D-B557-4269-A038-DEE1CD5D677D}.Debug|x86.ActiveCfg = Debug|x86
		{1A7BB14D-B557-4269-A038-DEE1CD5D677D}.Debug|x86.Build.0 = Debug|x86
		{1A7BB14D-B557-4269-A038-DEE1CD5D677D}.Debug|x86.Deploy.0 = Debug|x86
		{1A7BB14D-B557-4269-A038-DEE1CD5D677D}.Release|Any CPU.ActiveCfg = Release|Any CPU
		{1A7BB14D-B557-4269-A038-DEE1CD5D677D}.Release|Any CPU.Build.0 = Release|Any CPU
		{1A7BB14D-B557-4269-A038-DEE1CD5D677D}.Release|Any CPU.Deploy.0 = Release|Any CPU
		{1A7BB14D-B557-4269-A038-DEE1CD5D677D}.Release|ARM.ActiveCfg = Release|ARM
		{1A7BB14D-B557-4269-A038-DEE1CD5D677D}.Release|ARM.Build.0 = Release|ARM
		{1A7BB14D-B557-4269-A038-DEE1CD5D677D}.Release|ARM.Deploy.0 = Release|ARM
		{1A7BB14D-B557-4269-A038-DEE1CD5D677D}.Release|x64.ActiveCfg = Release|x64
		{1A7BB14D-B557-4269-A038-DEE1CD5D677D}.Release|x64.Build.0 = Release|x64
		{1A7BB14D-B557-4269-A038-DEE1CD5D677D}.Release|x64.Deploy.0 = Release|x64
		{1A7BB14D-B557-4269-A038-DEE1CD5D677D}.Release|x86.ActiveCfg = Release|x86
		{1A7BB14D-B557-4269-A038-DEE1CD5D677D}.Release|x86.Build.0 = Release|x86
		{1A7BB14D-B557-4269-A038-DEE1CD5D677D}.Release|x86.Deploy.0 = Release|x86
		{9FCD0A21-D271-4021-9AE3-21473B1B6654}.Debug - Mobile|Any CPU.ActiveCfg = Debug|Any CPU
		{9FCD0A21-D271-4021-9AE3-21473B1B6654}.Debug - Mobile|Any CPU.Build.0 = Debug|Any CPU
		{9FCD0A21-D271-4021-9AE3-21473B1B6654}.Debug - Mobile|ARM.ActiveCfg = Debug|Any CPU
		{9FCD0A21-D271-4021-9AE3-21473B1B6654}.Debug - Mobile|ARM.Build.0 = Debug|Any CPU
		{9FCD0A21-D271-4021-9AE3-21473B1B6654}.Debug - Mobile|x64.ActiveCfg = Debug|Any CPU
		{9FCD0A21-D271-4021-9AE3-21473B1B6654}.Debug - Mobile|x64.Build.0 = Debug|Any CPU
		{9FCD0A21-D271-4021-9AE3-21473B1B6654}.Debug - Mobile|x86.ActiveCfg = Debug|Any CPU
		{9FCD0A21-D271-4021-9AE3-21473B1B6654}.Debug - Mobile|x86.Build.0 = Debug|Any CPU
		{9FCD0A21-D271-4021-9AE3-21473B1B6654}.Debug - Server|Any CPU.ActiveCfg = Debug|Any CPU
		{9FCD0A21-D271-4021-9AE3-21473B1B6654}.Debug - Server|Any CPU.Build.0 = Debug|Any CPU
		{9FCD0A21-D271-4021-9AE3-21473B1B6654}.Debug - Server|ARM.ActiveCfg = Debug|Any CPU
		{9FCD0A21-D271-4021-9AE3-21473B1B6654}.Debug - Server|ARM.Build.0 = Debug|Any CPU
		{9FCD0A21-D271-4021-9AE3-21473B1B6654}.Debug - Server|x64.ActiveCfg = Debug|Any CPU
		{9FCD0A21-D271-4021-9AE3-21473B1B6654}.Debug - Server|x64.Build.0 = Debug|Any CPU
		{9FCD0A21-D271-4021-9AE3-21473B1B6654}.Debug - Server|x86.ActiveCfg = Debug|Any CPU
		{9FCD0A21-D271-4021-9AE3-21473B1B6654}.Debug - Server|x86.Build.0 = Debug|Any CPU
		{9FCD0A21-D271-4021-9AE3-21473B1B6654}.Debug|Any CPU.ActiveCfg = Debug|Any CPU
		{9FCD0A21-D271-4021-9AE3-21473B1B6654}.Debug|Any CPU.Build.0 = Debug|Any CPU
		{9FCD0A21-D271-4021-9AE3-21473B1B6654}.Debug|ARM.ActiveCfg = Debug|Any CPU
		{9FCD0A21-D271-4021-9AE3-21473B1B6654}.Debug|ARM.Build.0 = Debug|Any CPU
		{9FCD0A21-D271-4021-9AE3-21473B1B6654}.Debug|x64.ActiveCfg = Debug|Any CPU
		{9FCD0A21-D271-4021-9AE3-21473B1B6654}.Debug|x64.Build.0 = Debug|Any CPU
		{9FCD0A21-D271-4021-9AE3-21473B1B6654}.Debug|x86.ActiveCfg = Debug|Any CPU
		{9FCD0A21-D271-4021-9AE3-21473B1B6654}.Debug|x86.Build.0 = Debug|Any CPU
		{9FCD0A21-D271-4021-9AE3-21473B1B6654}.Release|Any CPU.ActiveCfg = Release|Any CPU
		{9FCD0A21-D271-4021-9AE3-21473B1B6654}.Release|Any CPU.Build.0 = Release|Any CPU
		{9FCD0A21-D271-4021-9AE3-21473B1B6654}.Release|ARM.ActiveCfg = Release|Any CPU
		{9FCD0A21-D271-4021-9AE3-21473B1B6654}.Release|ARM.Build.0 = Release|Any CPU
		{9FCD0A21-D271-4021-9AE3-21473B1B6654}.Release|x64.ActiveCfg = Release|Any CPU
		{9FCD0A21-D271-4021-9AE3-21473B1B6654}.Release|x64.Build.0 = Release|Any CPU
		{9FCD0A21-D271-4021-9AE3-21473B1B6654}.Release|x86.ActiveCfg = Release|Any CPU
		{9FCD0A21-D271-4021-9AE3-21473B1B6654}.Release|x86.Build.0 = Release|Any CPU
		{9EED13C4-A6D2-41D5-BEE7-9CC439FFA97F}.Debug - Mobile|Any CPU.ActiveCfg = Debug|Any CPU
		{9EED13C4-A6D2-41D5-BEE7-9CC439FFA97F}.Debug - Mobile|Any CPU.Build.0 = Debug|Any CPU
		{9EED13C4-A6D2-41D5-BEE7-9CC439FFA97F}.Debug - Mobile|ARM.ActiveCfg = Debug|Any CPU
		{9EED13C4-A6D2-41D5-BEE7-9CC439FFA97F}.Debug - Mobile|ARM.Build.0 = Debug|Any CPU
		{9EED13C4-A6D2-41D5-BEE7-9CC439FFA97F}.Debug - Mobile|x64.ActiveCfg = Debug|Any CPU
		{9EED13C4-A6D2-41D5-BEE7-9CC439FFA97F}.Debug - Mobile|x64.Build.0 = Debug|Any CPU
		{9EED13C4-A6D2-41D5-BEE7-9CC439FFA97F}.Debug - Mobile|x86.ActiveCfg = Debug|Any CPU
		{9EED13C4-A6D2-41D5-BEE7-9CC439FFA97F}.Debug - Mobile|x86.Build.0 = Debug|Any CPU
		{9EED13C4-A6D2-41D5-BEE7-9CC439FFA97F}.Debug - Server|Any CPU.ActiveCfg = Debug|Any CPU
		{9EED13C4-A6D2-41D5-BEE7-9CC439FFA97F}.Debug - Server|Any CPU.Build.0 = Debug|Any CPU
		{9EED13C4-A6D2-41D5-BEE7-9CC439FFA97F}.Debug - Server|ARM.ActiveCfg = Debug|Any CPU
		{9EED13C4-A6D2-41D5-BEE7-9CC439FFA97F}.Debug - Server|ARM.Build.0 = Debug|Any CPU
		{9EED13C4-A6D2-41D5-BEE7-9CC439FFA97F}.Debug - Server|x64.ActiveCfg = Debug|Any CPU
		{9EED13C4-A6D2-41D5-BEE7-9CC439FFA97F}.Debug - Server|x64.Build.0 = Debug|Any CPU
		{9EED13C4-A6D2-41D5-BEE7-9CC439FFA97F}.Debug - Server|x86.ActiveCfg = Debug|Any CPU
		{9EED13C4-A6D2-41D5-BEE7-9CC439FFA97F}.Debug - Server|x86.Build.0 = Debug|Any CPU
		{9EED13C4-A6D2-41D5-BEE7-9CC439FFA97F}.Debug|Any CPU.ActiveCfg = Debug|Any CPU
		{9EED13C4-A6D2-41D5-BEE7-9CC439FFA97F}.Debug|Any CPU.Build.0 = Debug|Any CPU
		{9EED13C4-A6D2-41D5-BEE7-9CC439FFA97F}.Debug|ARM.ActiveCfg = Debug|Any CPU
		{9EED13C4-A6D2-41D5-BEE7-9CC439FFA97F}.Debug|ARM.Build.0 = Debug|Any CPU
		{9EED13C4-A6D2-41D5-BEE7-9CC439FFA97F}.Debug|x64.ActiveCfg = Debug|Any CPU
		{9EED13C4-A6D2-41D5-BEE7-9CC439FFA97F}.Debug|x64.Build.0 = Debug|Any CPU
		{9EED13C4-A6D2-41D5-BEE7-9CC439FFA97F}.Debug|x86.ActiveCfg = Debug|Any CPU
		{9EED13C4-A6D2-41D5-BEE7-9CC439FFA97F}.Debug|x86.Build.0 = Debug|Any CPU
		{9EED13C4-A6D2-41D5-BEE7-9CC439FFA97F}.Release|Any CPU.ActiveCfg = Release|Any CPU
		{9EED13C4-A6D2-41D5-BEE7-9CC439FFA97F}.Release|Any CPU.Build.0 = Release|Any CPU
		{9EED13C4-A6D2-41D5-BEE7-9CC439FFA97F}.Release|ARM.ActiveCfg = Release|Any CPU
		{9EED13C4-A6D2-41D5-BEE7-9CC439FFA97F}.Release|ARM.Build.0 = Release|Any CPU
		{9EED13C4-A6D2-41D5-BEE7-9CC439FFA97F}.Release|x64.ActiveCfg = Release|Any CPU
		{9EED13C4-A6D2-41D5-BEE7-9CC439FFA97F}.Release|x64.Build.0 = Release|Any CPU
		{9EED13C4-A6D2-41D5-BEE7-9CC439FFA97F}.Release|x86.ActiveCfg = Release|Any CPU
		{9EED13C4-A6D2-41D5-BEE7-9CC439FFA97F}.Release|x86.Build.0 = Release|Any CPU
		{63014203-15EC-4EB7-A6F6-79A3E3E775D6}.Debug - Mobile|Any CPU.ActiveCfg = Debug|Any CPU
		{63014203-15EC-4EB7-A6F6-79A3E3E775D6}.Debug - Mobile|Any CPU.Build.0 = Debug|Any CPU
		{63014203-15EC-4EB7-A6F6-79A3E3E775D6}.Debug - Mobile|ARM.ActiveCfg = Debug|Any CPU
		{63014203-15EC-4EB7-A6F6-79A3E3E775D6}.Debug - Mobile|ARM.Build.0 = Debug|Any CPU
		{63014203-15EC-4EB7-A6F6-79A3E3E775D6}.Debug - Mobile|x64.ActiveCfg = Debug|Any CPU
		{63014203-15EC-4EB7-A6F6-79A3E3E775D6}.Debug - Mobile|x64.Build.0 = Debug|Any CPU
		{63014203-15EC-4EB7-A6F6-79A3E3E775D6}.Debug - Mobile|x86.ActiveCfg = Debug|Any CPU
		{63014203-15EC-4EB7-A6F6-79A3E3E775D6}.Debug - Mobile|x86.Build.0 = Debug|Any CPU
		{63014203-15EC-4EB7-A6F6-79A3E3E775D6}.Debug - Server|Any CPU.ActiveCfg = Debug|Any CPU
		{63014203-15EC-4EB7-A6F6-79A3E3E775D6}.Debug - Server|Any CPU.Build.0 = Debug|Any CPU
		{63014203-15EC-4EB7-A6F6-79A3E3E775D6}.Debug - Server|ARM.ActiveCfg = Debug|Any CPU
		{63014203-15EC-4EB7-A6F6-79A3E3E775D6}.Debug - Server|ARM.Build.0 = Debug|Any CPU
		{63014203-15EC-4EB7-A6F6-79A3E3E775D6}.Debug - Server|x64.ActiveCfg = Debug|Any CPU
		{63014203-15EC-4EB7-A6F6-79A3E3E775D6}.Debug - Server|x64.Build.0 = Debug|Any CPU
		{63014203-15EC-4EB7-A6F6-79A3E3E775D6}.Debug - Server|x86.ActiveCfg = Debug|Any CPU
		{63014203-15EC-4EB7-A6F6-79A3E3E775D6}.Debug - Server|x86.Build.0 = Debug|Any CPU
		{63014203-15EC-4EB7-A6F6-79A3E3E775D6}.Debug|Any CPU.ActiveCfg = Debug|Any CPU
		{63014203-15EC-4EB7-A6F6-79A3E3E775D6}.Debug|ARM.ActiveCfg = Debug|Any CPU
		{63014203-15EC-4EB7-A6F6-79A3E3E775D6}.Debug|ARM.Build.0 = Debug|Any CPU
		{63014203-15EC-4EB7-A6F6-79A3E3E775D6}.Debug|x64.ActiveCfg = Debug|Any CPU
		{63014203-15EC-4EB7-A6F6-79A3E3E775D6}.Debug|x64.Build.0 = Debug|Any CPU
		{63014203-15EC-4EB7-A6F6-79A3E3E775D6}.Debug|x86.ActiveCfg = Debug|Any CPU
		{63014203-15EC-4EB7-A6F6-79A3E3E775D6}.Debug|x86.Build.0 = Debug|Any CPU
		{63014203-15EC-4EB7-A6F6-79A3E3E775D6}.Release|Any CPU.ActiveCfg = Release|Any CPU
		{63014203-15EC-4EB7-A6F6-79A3E3E775D6}.Release|Any CPU.Build.0 = Release|Any CPU
		{63014203-15EC-4EB7-A6F6-79A3E3E775D6}.Release|ARM.ActiveCfg = Release|Any CPU
		{63014203-15EC-4EB7-A6F6-79A3E3E775D6}.Release|ARM.Build.0 = Release|Any CPU
		{63014203-15EC-4EB7-A6F6-79A3E3E775D6}.Release|x64.ActiveCfg = Release|Any CPU
		{63014203-15EC-4EB7-A6F6-79A3E3E775D6}.Release|x64.Build.0 = Release|Any CPU
		{63014203-15EC-4EB7-A6F6-79A3E3E775D6}.Release|x86.ActiveCfg = Release|Any CPU
		{63014203-15EC-4EB7-A6F6-79A3E3E775D6}.Release|x86.Build.0 = Release|Any CPU
		{4BD2528E-277F-404B-B036-6F7F273ABC32}.Debug - Mobile|Any CPU.ActiveCfg = Debug|Any CPU
		{4BD2528E-277F-404B-B036-6F7F273ABC32}.Debug - Mobile|Any CPU.Build.0 = Debug|Any CPU
		{4BD2528E-277F-404B-B036-6F7F273ABC32}.Debug - Mobile|ARM.ActiveCfg = Debug|Any CPU
		{4BD2528E-277F-404B-B036-6F7F273ABC32}.Debug - Mobile|ARM.Build.0 = Debug|Any CPU
		{4BD2528E-277F-404B-B036-6F7F273ABC32}.Debug - Mobile|x64.ActiveCfg = Debug|Any CPU
		{4BD2528E-277F-404B-B036-6F7F273ABC32}.Debug - Mobile|x64.Build.0 = Debug|Any CPU
		{4BD2528E-277F-404B-B036-6F7F273ABC32}.Debug - Mobile|x86.ActiveCfg = Debug|Any CPU
		{4BD2528E-277F-404B-B036-6F7F273ABC32}.Debug - Mobile|x86.Build.0 = Debug|Any CPU
		{4BD2528E-277F-404B-B036-6F7F273ABC32}.Debug - Server|Any CPU.ActiveCfg = Debug|Any CPU
		{4BD2528E-277F-404B-B036-6F7F273ABC32}.Debug - Server|Any CPU.Build.0 = Debug|Any CPU
		{4BD2528E-277F-404B-B036-6F7F273ABC32}.Debug - Server|ARM.ActiveCfg = Debug|Any CPU
		{4BD2528E-277F-404B-B036-6F7F273ABC32}.Debug - Server|ARM.Build.0 = Debug|Any CPU
		{4BD2528E-277F-404B-B036-6F7F273ABC32}.Debug - Server|x64.ActiveCfg = Debug|Any CPU
		{4BD2528E-277F-404B-B036-6F7F273ABC32}.Debug - Server|x64.Build.0 = Debug|Any CPU
		{4BD2528E-277F-404B-B036-6F7F273ABC32}.Debug - Server|x86.ActiveCfg = Debug|Any CPU
		{4BD2528E-277F-404B-B036-6F7F273ABC32}.Debug - Server|x86.Build.0 = Debug|Any CPU
		{4BD2528E-277F-404B-B036-6F7F273ABC32}.Debug|Any CPU.ActiveCfg = Debug|Any CPU
		{4BD2528E-277F-404B-B036-6F7F273ABC32}.Debug|Any CPU.Build.0 = Debug|Any CPU
		{4BD2528E-277F-404B-B036-6F7F273ABC32}.Debug|ARM.ActiveCfg = Debug|Any CPU
		{4BD2528E-277F-404B-B036-6F7F273ABC32}.Debug|ARM.Build.0 = Debug|Any CPU
		{4BD2528E-277F-404B-B036-6F7F273ABC32}.Debug|x64.ActiveCfg = Debug|Any CPU
		{4BD2528E-277F-404B-B036-6F7F273ABC32}.Debug|x64.Build.0 = Debug|Any CPU
		{4BD2528E-277F-404B-B036-6F7F273ABC32}.Debug|x86.ActiveCfg = Debug|Any CPU
		{4BD2528E-277F-404B-B036-6F7F273ABC32}.Debug|x86.Build.0 = Debug|Any CPU
		{4BD2528E-277F-404B-B036-6F7F273ABC32}.Release|Any CPU.ActiveCfg = Release|Any CPU
		{4BD2528E-277F-404B-B036-6F7F273ABC32}.Release|Any CPU.Build.0 = Release|Any CPU
		{4BD2528E-277F-404B-B036-6F7F273ABC32}.Release|ARM.ActiveCfg = Release|Any CPU
		{4BD2528E-277F-404B-B036-6F7F273ABC32}.Release|ARM.Build.0 = Release|Any CPU
		{4BD2528E-277F-404B-B036-6F7F273ABC32}.Release|x64.ActiveCfg = Release|Any CPU
		{4BD2528E-277F-404B-B036-6F7F273ABC32}.Release|x64.Build.0 = Release|Any CPU
		{4BD2528E-277F-404B-B036-6F7F273ABC32}.Release|x86.ActiveCfg = Release|Any CPU
		{4BD2528E-277F-404B-B036-6F7F273ABC32}.Release|x86.Build.0 = Release|Any CPU
	EndGlobalSection
	GlobalSection(SolutionProperties) = preSolution
		HideSolutionNode = FALSE
	EndGlobalSection
	GlobalSection(NestedProjects) = preSolution
		{5E1BC974-A75B-4CAE-A797-41E35926CBDA} = {1F5A99BF-1D75-4DC0-B39A-7B18840A36E0}
		{36A0A9DA-11ED-441F-B4BB-57FC91256EDE} = {1F5A99BF-1D75-4DC0-B39A-7B18840A36E0}
		{ED818571-B5D0-4FC3-8AF3-63A04D806524} = {F35A693E-DD44-4843-BC07-933CF54B968D}
		{7800A17A-5FFF-4CA9-B40A-EBA3FB1784B6} = {1CC6F620-F3EA-4C40-839C-044489CF132D}
		{9C92028F-5F84-4532-9CFF-89C08E866A60} = {1CC6F620-F3EA-4C40-839C-044489CF132D}
		{1A7BB14D-B557-4269-A038-DEE1CD5D677D} = {1CC6F620-F3EA-4C40-839C-044489CF132D}
		{9FCD0A21-D271-4021-9AE3-21473B1B6654} = {F35A693E-DD44-4843-BC07-933CF54B968D}
		{9EED13C4-A6D2-41D5-BEE7-9CC439FFA97F} = {1F5A99BF-1D75-4DC0-B39A-7B18840A36E0}
		{63014203-15EC-4EB7-A6F6-79A3E3E775D6} = {1F5A99BF-1D75-4DC0-B39A-7B18840A36E0}
		{4BD2528E-277F-404B-B036-6F7F273ABC32} = {1F5A99BF-1D75-4DC0-B39A-7B18840A36E0}
	EndGlobalSection
EndGlobal
