
Microsoft Visual Studio Solution File, Format Version 12.00
# Visual Studio 14
VisualStudioVersion = 14.0.25420.1
MinimumVisualStudioVersion = 10.0.40219.1
Project("{FAE04EC0-301F-11D3-BF4B-00C04F79EFBC}") = "Mobile-Rounds", "Mobile-Rounds\Mobile-Rounds.csproj", "{9C92028F-5F84-4532-9CFF-89C08E866A60}"
EndProject
Project("{FAE04EC0-301F-11D3-BF4B-00C04F79EFBC}") = "Mobile-Rounds.ViewModels", "..\Shared\Mobile-Rounds.ViewModels\Mobile-Rounds.ViewModels.csproj", "{ED818571-B5D0-4FC3-8AF3-63A04D806524}"
EndProject
Project("{FAE04EC0-301F-11D3-BF4B-00C04F79EFBC}") = "Mobile-Rounds.ViewModels.Tests", "..\Shared\Mobile-Rounds.ViewModels.Tests\Mobile-Rounds.ViewModels.Tests.csproj", "{9FCD0A21-D271-4021-9AE3-21473B1B6654}"
EndProject
Global
	GlobalSection(SolutionConfigurationPlatforms) = preSolution
		Debug - Mobile|Any CPU = Debug - Mobile|Any CPU
		Debug - Mobile|ARM = Debug - Mobile|ARM
		Debug - Mobile|x64 = Debug - Mobile|x64
		Debug - Mobile|x86 = Debug - Mobile|x86
		Debug - Server|Any CPU = Debug - Server|Any CPU
		Debug - Server|ARM = Debug - Server|ARM
		Debug - Server|x64 = Debug - Server|x64
		Debug - Server|x86 = Debug - Server|x86
		Debug|Any CPU = Debug|Any CPU
		Debug|ARM = Debug|ARM
		Debug|x64 = Debug|x64
		Debug|x86 = Debug|x86
		Release|Any CPU = Release|Any CPU
		Release|ARM = Release|ARM
		Release|x64 = Release|x64
		Release|x86 = Release|x86
	EndGlobalSection
	GlobalSection(ProjectConfigurationPlatforms) = postSolution
		{9C92028F-5F84-4532-9CFF-89C08E866A60}.Debug - Mobile|Any CPU.ActiveCfg = Debug - Mobile|x86
		{9C92028F-5F84-4532-9CFF-89C08E866A60}.Debug - Mobile|ARM.ActiveCfg = Debug - Mobile|ARM
		{9C92028F-5F84-4532-9CFF-89C08E866A60}.Debug - Mobile|ARM.Build.0 = Debug - Mobile|ARM
		{9C92028F-5F84-4532-9CFF-89C08E866A60}.Debug - Mobile|ARM.Deploy.0 = Debug - Mobile|ARM
		{9C92028F-5F84-4532-9CFF-89C08E866A60}.Debug - Mobile|x64.ActiveCfg = Debug - Mobile|x64
		{9C92028F-5F84-4532-9CFF-89C08E866A60}.Debug - Mobile|x64.Build.0 = Debug - Mobile|x64
		{9C92028F-5F84-4532-9CFF-89C08E866A60}.Debug - Mobile|x64.Deploy.0 = Debug - Mobile|x64
		{9C92028F-5F84-4532-9CFF-89C08E866A60}.Debug - Mobile|x86.ActiveCfg = Debug - Mobile|x86
		{9C92028F-5F84-4532-9CFF-89C08E866A60}.Debug - Mobile|x86.Build.0 = Debug - Mobile|x86
		{9C92028F-5F84-4532-9CFF-89C08E866A60}.Debug - Mobile|x86.Deploy.0 = Debug - Mobile|x86
		{9C92028F-5F84-4532-9CFF-89C08E866A60}.Debug - Server|Any CPU.ActiveCfg = Debug - Server|x86
		{9C92028F-5F84-4532-9CFF-89C08E866A60}.Debug - Server|ARM.ActiveCfg = Debug - Server|ARM
		{9C92028F-5F84-4532-9CFF-89C08E866A60}.Debug - Server|ARM.Build.0 = Debug - Server|ARM
		{9C92028F-5F84-4532-9CFF-89C08E866A60}.Debug - Server|ARM.Deploy.0 = Debug - Server|ARM
		{9C92028F-5F84-4532-9CFF-89C08E866A60}.Debug - Server|x64.ActiveCfg = Debug - Server|x64
		{9C92028F-5F84-4532-9CFF-89C08E866A60}.Debug - Server|x64.Build.0 = Debug - Server|x64
		{9C92028F-5F84-4532-9CFF-89C08E866A60}.Debug - Server|x64.Deploy.0 = Debug - Server|x64
		{9C92028F-5F84-4532-9CFF-89C08E866A60}.Debug - Server|x86.ActiveCfg = Debug - Server|x86
		{9C92028F-5F84-4532-9CFF-89C08E866A60}.Debug - Server|x86.Build.0 = Debug - Server|x86
		{9C92028F-5F84-4532-9CFF-89C08E866A60}.Debug - Server|x86.Deploy.0 = Debug - Server|x86
		{9C92028F-5F84-4532-9CFF-89C08E866A60}.Debug|Any CPU.ActiveCfg = Debug|x86
		{9C92028F-5F84-4532-9CFF-89C08E866A60}.Debug|Any CPU.Build.0 = Debug|x86
		{9C92028F-5F84-4532-9CFF-89C08E866A60}.Debug|Any CPU.Deploy.0 = Debug|x86
		{9C92028F-5F84-4532-9CFF-89C08E866A60}.Debug|ARM.ActiveCfg = Debug|ARM
		{9C92028F-5F84-4532-9CFF-89C08E866A60}.Debug|ARM.Build.0 = Debug|ARM
		{9C92028F-5F84-4532-9CFF-89C08E866A60}.Debug|ARM.Deploy.0 = Debug|ARM
		{9C92028F-5F84-4532-9CFF-89C08E866A60}.Debug|x64.ActiveCfg = Debug|x64
		{9C92028F-5F84-4532-9CFF-89C08E866A60}.Debug|x64.Build.0 = Debug|x64
		{9C92028F-5F84-4532-9CFF-89C08E866A60}.Debug|x64.Deploy.0 = Debug|x64
		{9C92028F-5F84-4532-9CFF-89C08E866A60}.Debug|x86.ActiveCfg = Debug|x86
		{9C92028F-5F84-4532-9CFF-89C08E866A60}.Debug|x86.Build.0 = Debug|x86
		{9C92028F-5F84-4532-9CFF-89C08E866A60}.Debug|x86.Deploy.0 = Debug|x86
		{9C92028F-5F84-4532-9CFF-89C08E866A60}.Release|Any CPU.ActiveCfg = Release|x86
		{9C92028F-5F84-4532-9CFF-89C08E866A60}.Release|ARM.ActiveCfg = Release|ARM
		{9C92028F-5F84-4532-9CFF-89C08E866A60}.Release|ARM.Build.0 = Release|ARM
		{9C92028F-5F84-4532-9CFF-89C08E866A60}.Release|ARM.Deploy.0 = Release|ARM
		{9C92028F-5F84-4532-9CFF-89C08E866A60}.Release|x64.ActiveCfg = Release|x64
		{9C92028F-5F84-4532-9CFF-89C08E866A60}.Release|x64.Build.0 = Release|x64
		{9C92028F-5F84-4532-9CFF-89C08E866A60}.Release|x64.Deploy.0 = Release|x64
		{9C92028F-5F84-4532-9CFF-89C08E866A60}.Release|x86.ActiveCfg = Release|x86
		{9C92028F-5F84-4532-9CFF-89C08E866A60}.Release|x86.Build.0 = Release|x86
		{9C92028F-5F84-4532-9CFF-89C08E866A60}.Release|x86.Deploy.0 = Release|x86
		{ED818571-B5D0-4FC3-8AF3-63A04D806524}.Debug - Mobile|Any CPU.ActiveCfg = Debug|Any CPU
		{ED818571-B5D0-4FC3-8AF3-63A04D806524}.Debug - Mobile|Any CPU.Build.0 = Debug|Any CPU
		{ED818571-B5D0-4FC3-8AF3-63A04D806524}.Debug - Mobile|ARM.ActiveCfg = Debug|Any CPU
		{ED818571-B5D0-4FC3-8AF3-63A04D806524}.Debug - Mobile|ARM.Build.0 = Debug|Any CPU
		{ED818571-B5D0-4FC3-8AF3-63A04D806524}.Debug - Mobile|x64.ActiveCfg = Debug|Any CPU
		{ED818571-B5D0-4FC3-8AF3-63A04D806524}.Debug - Mobile|x64.Build.0 = Debug|Any CPU
		{ED818571-B5D0-4FC3-8AF3-63A04D806524}.Debug - Mobile|x86.ActiveCfg = Debug|Any CPU
		{ED818571-B5D0-4FC3-8AF3-63A04D806524}.Debug - Mobile|x86.Build.0 = Debug|Any CPU
		{ED818571-B5D0-4FC3-8AF3-63A04D806524}.Debug - Server|Any CPU.ActiveCfg = Debug|Any CPU
		{ED818571-B5D0-4FC3-8AF3-63A04D806524}.Debug - Server|Any CPU.Build.0 = Debug|Any CPU
		{ED818571-B5D0-4FC3-8AF3-63A04D806524}.Debug - Server|ARM.ActiveCfg = Debug|Any CPU
		{ED818571-B5D0-4FC3-8AF3-63A04D806524}.Debug - Server|ARM.Build.0 = Debug|Any CPU
		{ED818571-B5D0-4FC3-8AF3-63A04D806524}.Debug - Server|x64.ActiveCfg = Debug|Any CPU
		{ED818571-B5D0-4FC3-8AF3-63A04D806524}.Debug - Server|x64.Build.0 = Debug|Any CPU
		{ED818571-B5D0-4FC3-8AF3-63A04D806524}.Debug - Server|x86.ActiveCfg = Debug|Any CPU
		{ED818571-B5D0-4FC3-8AF3-63A04D806524}.Debug - Server|x86.Build.0 = Debug|Any CPU
		{ED818571-B5D0-4FC3-8AF3-63A04D806524}.Debug|Any CPU.ActiveCfg = Debug|Any CPU
		{ED818571-B5D0-4FC3-8AF3-63A04D806524}.Debug|Any CPU.Build.0 = Debug|Any CPU
		{ED818571-B5D0-4FC3-8AF3-63A04D806524}.Debug|ARM.ActiveCfg = Debug|Any CPU
		{ED818571-B5D0-4FC3-8AF3-63A04D806524}.Debug|ARM.Build.0 = Debug|Any CPU
		{ED818571-B5D0-4FC3-8AF3-63A04D806524}.Debug|x64.ActiveCfg = Debug|Any CPU
		{ED818571-B5D0-4FC3-8AF3-63A04D806524}.Debug|x64.Build.0 = Debug|Any CPU
		{ED818571-B5D0-4FC3-8AF3-63A04D806524}.Debug|x86.ActiveCfg = Debug|Any CPU
		{ED818571-B5D0-4FC3-8AF3-63A04D806524}.Debug|x86.Build.0 = Debug|Any CPU
		{ED818571-B5D0-4FC3-8AF3-63A04D806524}.Release|Any CPU.ActiveCfg = Release|Any CPU
		{ED818571-B5D0-4FC3-8AF3-63A04D806524}.Release|Any CPU.Build.0 = Release|Any CPU
		{ED818571-B5D0-4FC3-8AF3-63A04D806524}.Release|ARM.ActiveCfg = Release|Any CPU
		{ED818571-B5D0-4FC3-8AF3-63A04D806524}.Release|ARM.Build.0 = Release|Any CPU
		{ED818571-B5D0-4FC3-8AF3-63A04D806524}.Release|x64.ActiveCfg = Release|Any CPU
		{ED818571-B5D0-4FC3-8AF3-63A04D806524}.Release|x64.Build.0 = Release|Any CPU
		{ED818571-B5D0-4FC3-8AF3-63A04D806524}.Release|x86.ActiveCfg = Release|Any CPU
		{ED818571-B5D0-4FC3-8AF3-63A04D806524}.Release|x86.Build.0 = Release|Any CPU
		{9FCD0A21-D271-4021-9AE3-21473B1B6654}.Debug - Mobile|Any CPU.ActiveCfg = Debug|Any CPU
		{9FCD0A21-D271-4021-9AE3-21473B1B6654}.Debug - Mobile|Any CPU.Build.0 = Debug|Any CPU
		{9FCD0A21-D271-4021-9AE3-21473B1B6654}.Debug - Mobile|ARM.ActiveCfg = Debug|Any CPU
		{9FCD0A21-D271-4021-9AE3-21473B1B6654}.Debug - Mobile|ARM.Build.0 = Debug|Any CPU
		{9FCD0A21-D271-4021-9AE3-21473B1B6654}.Debug - Mobile|x64.ActiveCfg = Debug|Any CPU
		{9FCD0A21-D271-4021-9AE3-21473B1B6654}.Debug - Mobile|x64.Build.0 = Debug|Any CPU
		{9FCD0A21-D271-4021-9AE3-21473B1B6654}.Debug - Mobile|x86.ActiveCfg = Debug|Any CPU
		{9FCD0A21-D271-4021-9AE3-21473B1B6654}.Debug - Mobile|x86.Build.0 = Debug|Any CPU
		{9FCD0A21-D271-4021-9AE3-21473B1B6654}.Debug - Server|Any CPU.ActiveCfg = Debug|Any CPU
		{9FCD0A21-D271-4021-9AE3-21473B1B6654}.Debug - Server|Any CPU.Build.0 = Debug|Any CPU
		{9FCD0A21-D271-4021-9AE3-21473B1B6654}.Debug - Server|ARM.ActiveCfg = Debug|Any CPU
		{9FCD0A21-D271-4021-9AE3-21473B1B6654}.Debug - Server|ARM.Build.0 = Debug|Any CPU
		{9FCD0A21-D271-4021-9AE3-21473B1B6654}.Debug - Server|x64.ActiveCfg = Debug|Any CPU
		{9FCD0A21-D271-4021-9AE3-21473B1B6654}.Debug - Server|x64.Build.0 = Debug|Any CPU
		{9FCD0A21-D271-4021-9AE3-21473B1B6654}.Debug - Server|x86.ActiveCfg = Debug|Any CPU
		{9FCD0A21-D271-4021-9AE3-21473B1B6654}.Debug - Server|x86.Build.0 = Debug|Any CPU
		{9FCD0A21-D271-4021-9AE3-21473B1B6654}.Debug|Any CPU.ActiveCfg = Debug|Any CPU
		{9FCD0A21-D271-4021-9AE3-21473B1B6654}.Debug|Any CPU.Build.0 = Debug|Any CPU
		{9FCD0A21-D271-4021-9AE3-21473B1B6654}.Debug|ARM.ActiveCfg = Debug|Any CPU
		{9FCD0A21-D271-4021-9AE3-21473B1B6654}.Debug|ARM.Build.0 = Debug|Any CPU
		{9FCD0A21-D271-4021-9AE3-21473B1B6654}.Debug|x64.ActiveCfg = Debug|Any CPU
		{9FCD0A21-D271-4021-9AE3-21473B1B6654}.Debug|x64.Build.0 = Debug|Any CPU
		{9FCD0A21-D271-4021-9AE3-21473B1B6654}.Debug|x86.ActiveCfg = Debug|Any CPU
		{9FCD0A21-D271-4021-9AE3-21473B1B6654}.Debug|x86.Build.0 = Debug|Any CPU
		{9FCD0A21-D271-4021-9AE3-21473B1B6654}.Release|Any CPU.ActiveCfg = Release|Any CPU
		{9FCD0A21-D271-4021-9AE3-21473B1B6654}.Release|Any CPU.Build.0 = Release|Any CPU
		{9FCD0A21-D271-4021-9AE3-21473B1B6654}.Release|ARM.ActiveCfg = Release|Any CPU
		{9FCD0A21-D271-4021-9AE3-21473B1B6654}.Release|ARM.Build.0 = Release|Any CPU
		{9FCD0A21-D271-4021-9AE3-21473B1B6654}.Release|x64.ActiveCfg = Release|Any CPU
		{9FCD0A21-D271-4021-9AE3-21473B1B6654}.Release|x64.Build.0 = Release|Any CPU
		{9FCD0A21-D271-4021-9AE3-21473B1B6654}.Release|x86.ActiveCfg = Release|Any CPU
		{9FCD0A21-D271-4021-9AE3-21473B1B6654}.Release|x86.Build.0 = Release|Any CPU
	EndGlobalSection
	GlobalSection(SolutionProperties) = preSolution
		HideSolutionNode = FALSE
	EndGlobalSection
EndGlobal
