
Microsoft Visual Studio Solution File, Format Version 12.00
# Visual Studio 14
VisualStudioVersion = 14.0.25420.1
MinimumVisualStudioVersion = 10.0.40219.1
Project("{FAE04EC0-301F-11D3-BF4B-00C04F79EFBC}") = "Mobile-Rounds.ViewModels", "Mobile-Rounds.ViewModels\Mobile-Rounds.ViewModels.csproj", "{ED818571-B5D0-4FC3-8AF3-63A04D806524}"
EndProject
Project("{FAE04EC0-301F-11D3-BF4B-00C04F79EFBC}") = "Mobile-Rounds.ViewModels.Tests", "Mobile-Rounds.ViewModels.Tests\Mobile-Rounds.ViewModels.Tests.csproj", "{9FCD0A21-D271-4021-9AE3-21473B1B6654}"
EndProject
Global
	GlobalSection(SolutionConfigurationPlatforms) = preSolution
		Debug|Any CPU = Debug|Any CPU
		Release|Any CPU = Release|Any CPU
	EndGlobalSection
	GlobalSection(ProjectConfigurationPlatforms) = postSolution
		{ED818571-B5D0-4FC3-8AF3-63A04D806524}.Debug|Any CPU.ActiveCfg = Debug|Any CPU
		{ED818571-B5D0-4FC3-8AF3-63A04D806524}.Debug|Any CPU.Build.0 = Debug|Any CPU
		{ED818571-B5D0-4FC3-8AF3-63A04D806524}.Release|Any CPU.ActiveCfg = Release|Any CPU
		{ED818571-B5D0-4FC3-8AF3-63A04D806524}.Release|Any CPU.Build.0 = Release|Any CPU
		{9FCD0A21-D271-4021-9AE3-21473B1B6654}.Debug|Any CPU.ActiveCfg = Debug|Any CPU
		{9FCD0A21-D271-4021-9AE3-21473B1B6654}.Debug|Any CPU.Build.0 = Debug|Any CPU
		{9FCD0A21-D271-4021-9AE3-21473B1B6654}.Release|Any CPU.ActiveCfg = Release|Any CPU
		{9FCD0A21-D271-4021-9AE3-21473B1B6654}.Release|Any CPU.Build.0 = Release|Any CPU
	EndGlobalSection
	GlobalSection(SolutionProperties) = preSolution
		HideSolutionNode = FALSE
	EndGlobalSection
EndGlobal
